
Microsoft Visual Studio Solution File, Format Version 12.00
# Visual Studio Version 16
VisualStudioVersion = 16.0.31205.134
MinimumVisualStudioVersion = 10.0.40219.1
Project("{FAE04EC0-301F-11D3-BF4B-00C04F79EFBC}") = "Xbim.Presentation", "Xbim.Presentation\Xbim.Presentation.csproj", "{89F98E53-DE4E-4427-8244-D5934AD08849}"
EndProject
Project("{FAE04EC0-301F-11D3-BF4B-00C04F79EFBC}") = "XbimXplorer", "XbimXplorer\XbimXplorer.csproj", "{D6CED5D7-BE37-4A32-90A5-1444C9FFDD91}"
EndProject
Project("{2150E333-8FDC-42A3-9474-1A3956D46DE8}") = "Solution Items", "Solution Items", "{0E199F75-F5E2-4B21-9DDA-85AF017F9445}"
	ProjectSection(SolutionItems) = preProject
		LICENCE.md = LICENCE.md
		XbimXplorer\PluginSystem\PluginsConfig.xaml.version.cs = XbimXplorer\PluginSystem\PluginsConfig.xaml.version.cs
		SharedAssemblyInfo.cs = SharedAssemblyInfo.cs
		Xbim.WindowsUI.package.nuspec = Xbim.WindowsUI.package.nuspec
		XplorerPlugin.Bcf.plugin.nuspec = XplorerPlugin.Bcf.plugin.nuspec
	EndProjectSection
EndProject
Project("{FAE04EC0-301F-11D3-BF4B-00C04F79EFBC}") = "THBimEngine.Presention", "THBimEngine.Presention\THBimEngine.Presention.csproj", "{2B4A996D-85A9-455D-99EB-9233F020FCE8}"
EndProject
Project("{9A19103F-16F7-4668-BE54-9A1E7A4F7556}") = "GLFW.NET", "GLFW.NET\GLFW.NET.csproj", "{A3B6BCE8-FB82-472F-B5C6-26F4913BE501}"
EndProject
Project("{FAE04EC0-301F-11D3-BF4B-00C04F79EFBC}") = "THBimEngine.Domain", "THBimEngine.Domain\THBimEngine.Domain.csproj", "{989BF8B8-DCB6-423A-80D2-3540E8817335}"
EndProject
Project("{FAE04EC0-301F-11D3-BF4B-00C04F79EFBC}") = "THBimEngine.Geometry", "THBimEngine.Geometry\THBimEngine.Geometry.csproj", "{2284FAE2-6876-42CF-886F-B74F8F83DF77}"
EndProject
Project("{FAE04EC0-301F-11D3-BF4B-00C04F79EFBC}") = "THBimEngine.Application", "THBimEngine.Application\THBimEngine.Application.csproj", "{F238CF71-3AAD-463A-8304-39D2E5C64403}"
EndProject
Project("{FAE04EC0-301F-11D3-BF4B-00C04F79EFBC}") = "THBimEngine.DBOperation", "THBimEngine.DBOperation\THBimEngine.DBOperation.csproj", "{3173668D-6DCB-46AC-A8F4-0107FC792BDF}"
EndProject
Project("{FAE04EC0-301F-11D3-BF4B-00C04F79EFBC}") = "THBimEngine.HttpService", "THBimEngine.HttpService\THBimEngine.HttpService.csproj", "{4AE99897-1C64-41A6-8108-7A4232EEB6FB}"
EndProject
Project("{FAE04EC0-301F-11D3-BF4B-00C04F79EFBC}") = "THBimEngine.Common", "THBimEngine.Common\THBimEngine.Common.csproj", "{69892AD6-C1B7-4794-942B-F4E6AA1B066A}"
EndProject
Global
	GlobalSection(SolutionConfigurationPlatforms) = preSolution
		Debug|Any CPU = Debug|Any CPU
		Debug|x64 = Debug|x64
		Debug|x86 = Debug|x86
		Release|Any CPU = Release|Any CPU
		Release|x64 = Release|x64
		Release|x86 = Release|x86
	EndGlobalSection
	GlobalSection(ProjectConfigurationPlatforms) = postSolution
		{89F98E53-DE4E-4427-8244-D5934AD08849}.Debug|Any CPU.ActiveCfg = Debug|Any CPU
		{89F98E53-DE4E-4427-8244-D5934AD08849}.Debug|Any CPU.Build.0 = Debug|Any CPU
		{89F98E53-DE4E-4427-8244-D5934AD08849}.Debug|x64.ActiveCfg = Debug|Any CPU
		{89F98E53-DE4E-4427-8244-D5934AD08849}.Debug|x64.Build.0 = Debug|Any CPU
		{89F98E53-DE4E-4427-8244-D5934AD08849}.Debug|x86.ActiveCfg = Debug|Any CPU
		{89F98E53-DE4E-4427-8244-D5934AD08849}.Debug|x86.Build.0 = Debug|Any CPU
		{89F98E53-DE4E-4427-8244-D5934AD08849}.Release|Any CPU.ActiveCfg = Release|Any CPU
		{89F98E53-DE4E-4427-8244-D5934AD08849}.Release|Any CPU.Build.0 = Release|Any CPU
		{89F98E53-DE4E-4427-8244-D5934AD08849}.Release|x64.ActiveCfg = Release|Any CPU
		{89F98E53-DE4E-4427-8244-D5934AD08849}.Release|x64.Build.0 = Release|Any CPU
		{89F98E53-DE4E-4427-8244-D5934AD08849}.Release|x86.ActiveCfg = Release|Any CPU
		{89F98E53-DE4E-4427-8244-D5934AD08849}.Release|x86.Build.0 = Release|Any CPU
		{D6CED5D7-BE37-4A32-90A5-1444C9FFDD91}.Debug|Any CPU.ActiveCfg = Debug|Any CPU
		{D6CED5D7-BE37-4A32-90A5-1444C9FFDD91}.Debug|Any CPU.Build.0 = Debug|Any CPU
		{D6CED5D7-BE37-4A32-90A5-1444C9FFDD91}.Debug|x64.ActiveCfg = Debug|Any CPU
		{D6CED5D7-BE37-4A32-90A5-1444C9FFDD91}.Debug|x64.Build.0 = Debug|Any CPU
		{D6CED5D7-BE37-4A32-90A5-1444C9FFDD91}.Debug|x86.ActiveCfg = Debug|Any CPU
		{D6CED5D7-BE37-4A32-90A5-1444C9FFDD91}.Debug|x86.Build.0 = Debug|Any CPU
		{D6CED5D7-BE37-4A32-90A5-1444C9FFDD91}.Release|Any CPU.ActiveCfg = Release|Any CPU
		{D6CED5D7-BE37-4A32-90A5-1444C9FFDD91}.Release|Any CPU.Build.0 = Release|Any CPU
		{D6CED5D7-BE37-4A32-90A5-1444C9FFDD91}.Release|x64.ActiveCfg = Release|Any CPU
		{D6CED5D7-BE37-4A32-90A5-1444C9FFDD91}.Release|x64.Build.0 = Release|Any CPU
		{D6CED5D7-BE37-4A32-90A5-1444C9FFDD91}.Release|x86.ActiveCfg = Release|Any CPU
		{D6CED5D7-BE37-4A32-90A5-1444C9FFDD91}.Release|x86.Build.0 = Release|Any CPU
		{2B4A996D-85A9-455D-99EB-9233F020FCE8}.Debug|Any CPU.ActiveCfg = Debug|Any CPU
		{2B4A996D-85A9-455D-99EB-9233F020FCE8}.Debug|Any CPU.Build.0 = Debug|Any CPU
		{2B4A996D-85A9-455D-99EB-9233F020FCE8}.Debug|x64.ActiveCfg = Debug|Any CPU
		{2B4A996D-85A9-455D-99EB-9233F020FCE8}.Debug|x64.Build.0 = Debug|Any CPU
		{2B4A996D-85A9-455D-99EB-9233F020FCE8}.Debug|x86.ActiveCfg = Debug|Any CPU
		{2B4A996D-85A9-455D-99EB-9233F020FCE8}.Debug|x86.Build.0 = Debug|Any CPU
		{2B4A996D-85A9-455D-99EB-9233F020FCE8}.Release|Any CPU.ActiveCfg = Release|Any CPU
		{2B4A996D-85A9-455D-99EB-9233F020FCE8}.Release|Any CPU.Build.0 = Release|Any CPU
		{2B4A996D-85A9-455D-99EB-9233F020FCE8}.Release|x64.ActiveCfg = Release|Any CPU
		{2B4A996D-85A9-455D-99EB-9233F020FCE8}.Release|x64.Build.0 = Release|Any CPU
		{2B4A996D-85A9-455D-99EB-9233F020FCE8}.Release|x86.ActiveCfg = Release|Any CPU
		{2B4A996D-85A9-455D-99EB-9233F020FCE8}.Release|x86.Build.0 = Release|Any CPU
		{A3B6BCE8-FB82-472F-B5C6-26F4913BE501}.Debug|Any CPU.ActiveCfg = Debug|Any CPU
		{A3B6BCE8-FB82-472F-B5C6-26F4913BE501}.Debug|Any CPU.Build.0 = Debug|Any CPU
		{A3B6BCE8-FB82-472F-B5C6-26F4913BE501}.Debug|x64.ActiveCfg = Debug|Any CPU
		{A3B6BCE8-FB82-472F-B5C6-26F4913BE501}.Debug|x64.Build.0 = Debug|Any CPU
		{A3B6BCE8-FB82-472F-B5C6-26F4913BE501}.Debug|x86.ActiveCfg = Debug|Any CPU
		{A3B6BCE8-FB82-472F-B5C6-26F4913BE501}.Debug|x86.Build.0 = Debug|Any CPU
		{A3B6BCE8-FB82-472F-B5C6-26F4913BE501}.Release|Any CPU.ActiveCfg = Release|Any CPU
		{A3B6BCE8-FB82-472F-B5C6-26F4913BE501}.Release|Any CPU.Build.0 = Release|Any CPU
		{A3B6BCE8-FB82-472F-B5C6-26F4913BE501}.Release|x64.ActiveCfg = Release|Any CPU
		{A3B6BCE8-FB82-472F-B5C6-26F4913BE501}.Release|x64.Build.0 = Release|Any CPU
		{A3B6BCE8-FB82-472F-B5C6-26F4913BE501}.Release|x86.ActiveCfg = Release|Any CPU
		{A3B6BCE8-FB82-472F-B5C6-26F4913BE501}.Release|x86.Build.0 = Release|Any CPU
		{989BF8B8-DCB6-423A-80D2-3540E8817335}.Debug|Any CPU.ActiveCfg = Debug|Any CPU
		{989BF8B8-DCB6-423A-80D2-3540E8817335}.Debug|Any CPU.Build.0 = Debug|Any CPU
		{989BF8B8-DCB6-423A-80D2-3540E8817335}.Debug|x64.ActiveCfg = Debug|Any CPU
		{989BF8B8-DCB6-423A-80D2-3540E8817335}.Debug|x64.Build.0 = Debug|Any CPU
		{989BF8B8-DCB6-423A-80D2-3540E8817335}.Debug|x86.ActiveCfg = Debug|Any CPU
		{989BF8B8-DCB6-423A-80D2-3540E8817335}.Debug|x86.Build.0 = Debug|Any CPU
		{989BF8B8-DCB6-423A-80D2-3540E8817335}.Release|Any CPU.ActiveCfg = Release|Any CPU
		{989BF8B8-DCB6-423A-80D2-3540E8817335}.Release|Any CPU.Build.0 = Release|Any CPU
		{989BF8B8-DCB6-423A-80D2-3540E8817335}.Release|x64.ActiveCfg = Release|Any CPU
		{989BF8B8-DCB6-423A-80D2-3540E8817335}.Release|x64.Build.0 = Release|Any CPU
		{989BF8B8-DCB6-423A-80D2-3540E8817335}.Release|x86.ActiveCfg = Release|Any CPU
		{989BF8B8-DCB6-423A-80D2-3540E8817335}.Release|x86.Build.0 = Release|Any CPU
		{2284FAE2-6876-42CF-886F-B74F8F83DF77}.Debug|Any CPU.ActiveCfg = Debug|Any CPU
		{2284FAE2-6876-42CF-886F-B74F8F83DF77}.Debug|Any CPU.Build.0 = Debug|Any CPU
		{2284FAE2-6876-42CF-886F-B74F8F83DF77}.Debug|x64.ActiveCfg = Debug|Any CPU
		{2284FAE2-6876-42CF-886F-B74F8F83DF77}.Debug|x64.Build.0 = Debug|Any CPU
		{2284FAE2-6876-42CF-886F-B74F8F83DF77}.Debug|x86.ActiveCfg = Debug|Any CPU
		{2284FAE2-6876-42CF-886F-B74F8F83DF77}.Debug|x86.Build.0 = Debug|Any CPU
		{2284FAE2-6876-42CF-886F-B74F8F83DF77}.Release|Any CPU.ActiveCfg = Release|Any CPU
		{2284FAE2-6876-42CF-886F-B74F8F83DF77}.Release|Any CPU.Build.0 = Release|Any CPU
		{2284FAE2-6876-42CF-886F-B74F8F83DF77}.Release|x64.ActiveCfg = Release|Any CPU
		{2284FAE2-6876-42CF-886F-B74F8F83DF77}.Release|x64.Build.0 = Release|Any CPU
		{2284FAE2-6876-42CF-886F-B74F8F83DF77}.Release|x86.ActiveCfg = Release|Any CPU
		{2284FAE2-6876-42CF-886F-B74F8F83DF77}.Release|x86.Build.0 = Release|Any CPU
		{F238CF71-3AAD-463A-8304-39D2E5C64403}.Debug|Any CPU.ActiveCfg = Debug|Any CPU
		{F238CF71-3AAD-463A-8304-39D2E5C64403}.Debug|Any CPU.Build.0 = Debug|Any CPU
		{F238CF71-3AAD-463A-8304-39D2E5C64403}.Debug|x64.ActiveCfg = Debug|Any CPU
		{F238CF71-3AAD-463A-8304-39D2E5C64403}.Debug|x64.Build.0 = Debug|Any CPU
		{F238CF71-3AAD-463A-8304-39D2E5C64403}.Debug|x86.ActiveCfg = Debug|Any CPU
		{F238CF71-3AAD-463A-8304-39D2E5C64403}.Debug|x86.Build.0 = Debug|Any CPU
		{F238CF71-3AAD-463A-8304-39D2E5C64403}.Release|Any CPU.ActiveCfg = Release|Any CPU
		{F238CF71-3AAD-463A-8304-39D2E5C64403}.Release|Any CPU.Build.0 = Release|Any CPU
		{F238CF71-3AAD-463A-8304-39D2E5C64403}.Release|x64.ActiveCfg = Release|Any CPU
		{F238CF71-3AAD-463A-8304-39D2E5C64403}.Release|x64.Build.0 = Release|Any CPU
		{F238CF71-3AAD-463A-8304-39D2E5C64403}.Release|x86.ActiveCfg = Release|Any CPU
		{F238CF71-3AAD-463A-8304-39D2E5C64403}.Release|x86.Build.0 = Release|Any CPU
		{3173668D-6DCB-46AC-A8F4-0107FC792BDF}.Debug|Any CPU.ActiveCfg = Debug|Any CPU
		{3173668D-6DCB-46AC-A8F4-0107FC792BDF}.Debug|Any CPU.Build.0 = Debug|Any CPU
		{3173668D-6DCB-46AC-A8F4-0107FC792BDF}.Debug|x64.ActiveCfg = Debug|Any CPU
		{3173668D-6DCB-46AC-A8F4-0107FC792BDF}.Debug|x64.Build.0 = Debug|Any CPU
		{3173668D-6DCB-46AC-A8F4-0107FC792BDF}.Debug|x86.ActiveCfg = Debug|Any CPU
		{3173668D-6DCB-46AC-A8F4-0107FC792BDF}.Debug|x86.Build.0 = Debug|Any CPU
		{3173668D-6DCB-46AC-A8F4-0107FC792BDF}.Release|Any CPU.ActiveCfg = Release|Any CPU
		{3173668D-6DCB-46AC-A8F4-0107FC792BDF}.Release|Any CPU.Build.0 = Release|Any CPU
		{3173668D-6DCB-46AC-A8F4-0107FC792BDF}.Release|x64.ActiveCfg = Release|Any CPU
		{3173668D-6DCB-46AC-A8F4-0107FC792BDF}.Release|x64.Build.0 = Release|Any CPU
		{3173668D-6DCB-46AC-A8F4-0107FC792BDF}.Release|x86.ActiveCfg = Release|Any CPU
		{3173668D-6DCB-46AC-A8F4-0107FC792BDF}.Release|x86.Build.0 = Release|Any CPU
		{4AE99897-1C64-41A6-8108-7A4232EEB6FB}.Debug|Any CPU.ActiveCfg = Debug|Any CPU
		{4AE99897-1C64-41A6-8108-7A4232EEB6FB}.Debug|Any CPU.Build.0 = Debug|Any CPU
		{4AE99897-1C64-41A6-8108-7A4232EEB6FB}.Debug|x64.ActiveCfg = Debug|Any CPU
		{4AE99897-1C64-41A6-8108-7A4232EEB6FB}.Debug|x64.Build.0 = Debug|Any CPU
		{4AE99897-1C64-41A6-8108-7A4232EEB6FB}.Debug|x86.ActiveCfg = Debug|Any CPU
		{4AE99897-1C64-41A6-8108-7A4232EEB6FB}.Debug|x86.Build.0 = Debug|Any CPU
		{4AE99897-1C64-41A6-8108-7A4232EEB6FB}.Release|Any CPU.ActiveCfg = Release|Any CPU
		{4AE99897-1C64-41A6-8108-7A4232EEB6FB}.Release|Any CPU.Build.0 = Release|Any CPU
		{4AE99897-1C64-41A6-8108-7A4232EEB6FB}.Release|x64.ActiveCfg = Release|Any CPU
		{4AE99897-1C64-41A6-8108-7A4232EEB6FB}.Release|x64.Build.0 = Release|Any CPU
		{4AE99897-1C64-41A6-8108-7A4232EEB6FB}.Release|x86.ActiveCfg = Release|Any CPU
		{4AE99897-1C64-41A6-8108-7A4232EEB6FB}.Release|x86.Build.0 = Release|Any CPU
		{69892AD6-C1B7-4794-942B-F4E6AA1B066A}.Debug|Any CPU.ActiveCfg = Debug|Any CPU
		{69892AD6-C1B7-4794-942B-F4E6AA1B066A}.Debug|Any CPU.Build.0 = Debug|Any CPU
		{69892AD6-C1B7-4794-942B-F4E6AA1B066A}.Debug|x64.ActiveCfg = Debug|Any CPU
		{69892AD6-C1B7-4794-942B-F4E6AA1B066A}.Debug|x64.Build.0 = Debug|Any CPU
		{69892AD6-C1B7-4794-942B-F4E6AA1B066A}.Debug|x86.ActiveCfg = Debug|Any CPU
		{69892AD6-C1B7-4794-942B-F4E6AA1B066A}.Debug|x86.Build.0 = Debug|Any CPU
		{69892AD6-C1B7-4794-942B-F4E6AA1B066A}.Release|Any CPU.ActiveCfg = Release|Any CPU
		{69892AD6-C1B7-4794-942B-F4E6AA1B066A}.Release|Any CPU.Build.0 = Release|Any CPU
		{69892AD6-C1B7-4794-942B-F4E6AA1B066A}.Release|x64.ActiveCfg = Release|Any CPU
		{69892AD6-C1B7-4794-942B-F4E6AA1B066A}.Release|x64.Build.0 = Release|Any CPU
		{69892AD6-C1B7-4794-942B-F4E6AA1B066A}.Release|x86.ActiveCfg = Release|Any CPU
		{69892AD6-C1B7-4794-942B-F4E6AA1B066A}.Release|x86.Build.0 = Release|Any CPU
	EndGlobalSection
	GlobalSection(SolutionProperties) = preSolution
		HideSolutionNode = FALSE
	EndGlobalSection
	GlobalSection(ExtensibilityGlobals) = postSolution
		SolutionGuid = {A75501D3-AC6F-4B92-A02D-C9347E05FAC2}
	EndGlobalSection
EndGlobal
